# This file was autogenerated by uv via the following command:
#    uv export --project backend --frozen --no-dev --no-emit-project --format requirements-txt --output-file backend/requirements.lock
annotated-doc==0.0.5 \
    --hash=sha256:117bac03a25ede5df5440e855b32d556049ca169ead221505badf432fed4b101 \
    --hash=sha256:c7e58ce09192557605d8bbd92836d7e1d520ac9580096042c0bfd197efacf1bb
    # via fastapi
annotated-types==0.7.0 \
    --hash=sha256:1f02e8b43a8fbbc3f3e0d4f0f4bfc8131bcb4eebe8849b8e5c773f3a1c582a53 \
    --hash=sha256:aff07c09a53a08bc8cfccb9c85b05f1aa9a2a6f23728d790723543408344ce89
    # via pydantic
anyio==4.12.1 \
    --hash=sha256:41cfcc3a4c85d3f05c932da7c26d0201ac36f72abd4435ba90d0464a3ffed703 \
    --hash=sha256:d405828884fc140aa80a3c667b8beed277f1dfedec42ba031bd6ac3db606ab6c
    # via starlette
argon2-cffi==25.1.0 \
    --hash=sha256:694ae5cc8a42f4c4e2bf2ca0e64e51e23a040c6a517a85074683d3959e1346c1 \
    --hash=sha256:fdc8b074db390fccb6eb4a3604ae7231f219aa669a2652e0f20e16ba513d5741
    # via contract-review-api
argon2-cffi-bindings==25.1.0 \
    --hash=sha256:1db89609c06afa1a214a69a462ea741cf735b29a57530478c06eb81dd403de99 \
    --hash=sha256:1e021e87faa76ae0d413b619fe2b65ab9a037f24c60a1e6cc43457ae20de6dc6 \
    --hash=sha256:2630b6240b495dfab90aebe159ff784d08ea999aa4b0d17efa734055a07d2f44 \
    --hash=sha256:473bcb5f82924b1becbb637b63303ec8d10e84c8d241119419897a26116515d2 \
    --hash=sha256:7aef0c91e2c0fbca6fc68e7555aa60ef7008a739cbe045541e438373bc54d2b0 \
    --hash=sha256:a98cd7d17e9f7ce244c0803cad3c23a7d379c301ba618a5fa76a67d116618b98 \
    --hash=sha256:aecba1723ae35330a008418a91ea6cfcedf6d31e5fbaa056a166462ff066d500 \
    --hash=sha256:b0fdbcf513833809c882823f98dc2f931cf659d9a1429616ac3adebb49f5db94 \
    --hash=sha256:b957f3e6ea4d55d820e40ff76f450952807013d361a65d7f28acc0acbf29229d \
    --hash=sha256:c87b72589133f0346a1cb8d5ecca4b933e3c9b64656c9d175270a000e73b288d \
    --hash=sha256:d3e924cfc503018a714f94a49a149fdc0b644eaead5d1f089330399134fa028a
    # via argon2-cffi
cffi==2.0.0 \
    --hash=sha256:0f6084a0ea23d05d20c3edcda20c3d006f9b6f3fefeac38f59262e10cef47ee2 \
    --hash=sha256:1cd13c99ce269b3ed80b417dcd591415d3372bcac067009b6e0f59c7d4015e65 \
    --hash=sha256:2081580ebb843f759b9f617314a24ed5738c51d2aee65d31e02f6f7a2b97707a \
    --hash=sha256:3f4d46d8b35698056ec29bca21546e1551a205058ae1a181d871e278b0b28165 \
    --hash=sha256:44d1b5909021139fe36001ae048dbdde8214afa20200eda0f64c068cac5d5529 \
    --hash=sha256:4647afc2f90d1ddd33441e5b0e85b16b12ddec4fca55f0d9671fef036ecca27c \
    --hash=sha256:61d028e90346df14fedc3d1e5441df818d095f3b87d286825dfcbd6459b7ef63 \
    --hash=sha256:89472c9762729b5ae1ad974b777416bfda4ac5642423fa93bd57a09204712322 \
    --hash=sha256:b882b3df248017dba09d6b16defe9b5c407fe32fc7c65a9c69798e6175601be9 \
    --hash=sha256:cb527a79772e5ef98fb1d700678fe031e353e765d1ca2d409c92263c6d43e09f \
    --hash=sha256:de8dad4425a6ca6e4e5e297b27b5c824ecc7581910bf9aee86cb6835e6812aa7 \
    --hash=sha256:e6e73b9e02893c764e7e8d5bb5ce277f1a009cd5243f8228f75f842bf937c534 \
    --hash=sha256:fe562eb1a64e67dd297ccc4f5addea2501664954f2692b69a76449ec7913ecbf
    # via argon2-cffi-bindings
click==8.1.8 \
    --hash=sha256:63c132bbbed01578a06712a2d1f497bb62d9c1c0d329b7903a866228027263b2 \
    --hash=sha256:ed53c9d8990d83c2a27deae68e4ee337473f6330c040a31d4225c9574d16096a
    # via uvicorn
colorama==0.4.6 ; sys_platform == 'win32' \
    --hash=sha256:08695f5cb7ed6e0531a20572697297273c47b8cae5a63ffc6d6ed5c201be6e44 \
    --hash=sha256:4f1d9991f5acc0ca119f9d443620b77f9d6b33703e51011c16baf57afb285fc6
    # via click
exceptiongroup==1.3.1 \
    --hash=sha256:8b412432c6055b0b7d14c310000ae93352ed6754f70fa8f7c34141f91c4e3219 \
    --hash=sha256:a7a39a3bd276781e98394987d3a5701d0c4edffb633bb7a5144577f82c773598
    # via anyio
fastapi==0.128.8 \
    --hash=sha256:3171f9f328c4a218f0a8d2ba8310ac3a55d1ee12c28c949650288aee25966007 \
    --hash=sha256:5618f492d0fe973a778f8fec97723f598aa9deee495040a8d51aaf3cf123ecf1
    # via contract-review-api
h11==0.16.0 \
    --hash=sha256:4e35b956cf45792e4caa5885e69fba00bdbc6ffafbfa020300e549b208ee5ff1 \
    --hash=sha256:63cf8bbe7522de3bf65932fda1d9c2772064ffb3dae62d55932da54b31cb6c86
    # via uvicorn
idna==3.20 \
    --hash=sha256:a7db850025b95ded1eae8a46181a1a6c56c92c96f0e2b005d9ff8dc0210cab44 \
    --hash=sha256:ab7ae7122974553370f0bdb919e1a960b2cd1bc1ef0276416d896db81c14582c
    # via anyio
olefile==0.47 \
    --hash=sha256:543c7da2a7adadf21214938bb79c83ea12b473a4b6ee4ad4bf854e7715e13d1f \
    --hash=sha256:599383381a0bf3dfbd932ca0ca6515acd174ed48870cbf7fee123d698c192c1c
    # via contract-review-api
pycparser==2.23 ; implementation_name != 'PyPy' \
    --hash=sha256:78816d4f24add8f10a06d6f05b4d424ad9e96cfebf68a4ddc99c65c0720d00c2 \
    --hash=sha256:e5c6e8d3fbad53479cab09ac03729e0a9faf2bee3db8208a550daf5af81a5934
    # via cffi
pydantic==2.12.5 \
    --hash=sha256:4d351024c75c0f085a9febbb665ce8c0c6ec5d30e903bdb6394b7ede26aebb49 \
    --hash=sha256:e561593fccf61e8a20fc46dfc2dfe075b8be7d0188df33f221ad1f0139180f9d
    # via
    #   contract-review-api
    #   fastapi
pydantic-core==2.41.5 \
    --hash=sha256:0384e2e1021894b1ff5a786dbf94771e2986ebe2869533874d7e43bc79c6f504 \
    --hash=sha256:08daa51ea16ad373ffd5e7606252cc32f07bc72b28284b6bc9c6df804816476e \
    --hash=sha256:299e0a22e7ae2b85c1a57f104538b2656e8ab1873511fd718a1c1c6f149b77b5 \
    --hash=sha256:346285d28e4c8017da95144c7f3acd42740d637ff41946af5ce6e5e420502dd5 \
    --hash=sha256:707625ef0983fcfb461acfaf14de2067c5942c6bb0f3b4c99158bed6fedd3cf3 \
    --hash=sha256:753e230374206729bf0a807954bcc6c150d3743928a73faffee51ac6557a03c3 \
    --hash=sha256:7b93a4d08587e2b7e7882de461e82b6ed76d9026ce91ca7915e740ecc7855f60 \
    --hash=sha256:873e0d5b4fb9b89ef7c2d2a963ea7d02879d9da0da8d9d4933dee8ee86a8b460 \
    --hash=sha256:8bfeaf8735be79f225f3fefab7f941c712aaca36f1128c9d7e2352ee1aa87bdf \
    --hash=sha256:a75dafbf87d6276ddc5b2bf6fae5254e3d0876b626eb24969a574fff9149ee5d \
    --hash=sha256:e4f4a984405e91527a0d62649ee21138f8e3d0ef103be488c1dc11a80d7f184b \
    --hash=sha256:e8465ab91a4bd96d36dde3263f06caa6a8a6019e4113f24dc753d79a8b3a3f82 \
    --hash=sha256:f0cd744688278965817fd0839c4a4116add48d23890d468bc436f78beb28abf5 \
    --hash=sha256:f41eb9797986d6ebac5e8edff36d5cef9de40def462311b3eb3eeded1431e425
    # via pydantic
pypdf==6.19.0 \
    --hash=sha256:7e5d6e730e7dae87d560a2cee218b852f6498c8be61966f3cd02ead971e48d14 \
    --hash=sha256:bbc43aca292369ccc6cbc8a921991ecf2538a3587ab5a116eff06c321d647155
    # via contract-review-api
python-multipart==0.0.20 \
    --hash=sha256:8a62d3a8335e06589fe01f2a3e178cdcc632f3fbe0d492ad9ee0ec35aab1f104 \
    --hash=sha256:8dd0cab45b8e23064ae09147625994d090fa46f5b0d1e13af944c331a7fa9d13
    # via contract-review-api
pyyaml==6.0.3 \
    --hash=sha256:0150219816b6a1fa26fb4699fb7daa9caf09eb1999f3b70fb6e786805e80375a \
    --hash=sha256:1ebe39cb5fc479422b83de611d14e2c0d3bb2a18bbcb01f229ab3cfbd8fee7a0 \
    --hash=sha256:27c0abcb4a5dac13684a37f76e701e054692a9b2d3064b70f5e4eb54810553d7 \
    --hash=sha256:2e71d11abed7344e42a8849600193d15b6def118602c4c176f748e4583246007 \
    --hash=sha256:3c5677e12444c15717b902a5798264fa7909e41153cdf9ef7ad571b704a63dd9 \
    --hash=sha256:5ed875a24292240029e4483f9d4a4b8a1ae08843b9c54f43fcc11e404532a8a5 \
    --hash=sha256:b865addae83924361678b652338317d1bd7e79b1f4596f96b96c77a5a34b34da \
    --hash=sha256:c3355370a2c156cffb25e876646f149d5d68f5e0a3ce86a5084dd0b64a994917 \
    --hash=sha256:d76623373421df22fb4cf8817020cbb7ef15c725b9d5e45f17e189bfc384190f \
    --hash=sha256:fa160448684b4e94d80416c0fa4aac48967a969efe22931448d853ada8baf926
    # via contract-review-api
starlette==0.49.3 \
    --hash=sha256:1c14546f299b5901a1ea0e34410575bc33bbd741377a10484a54445588d00284 \
    --hash=sha256:b579b99715fdc2980cf88c8ec96d3bf1ce16f5a8051a7c2b84ef9b1cdecaea2f
    # via fastapi
typing-extensions==4.16.0 \
    --hash=sha256:481caa481374e813c1b176ada14e97f1f67a4539ce9cfeb3f350d78d6370c2e8 \
    --hash=sha256:dc983d19a509c94dba722ee6abd33940f7c05a89e243c47e907eb4db6f1a43e5
    # via
    #   anyio
    #   exceptiongroup
    #   fastapi
    #   pydantic
    #   pydantic-core
    #   pypdf
    #   starlette
    #   typing-inspection
    #   uvicorn
typing-inspection==0.4.2 \
    --hash=sha256:4ed1cacbdc298c220f1bd249ed5287caa16f34d44ef4e9c3d0cbad5b521545e7 \
    --hash=sha256:ba561c48a67c5958007083d386c3295464928b01faa735ab8547c5692e87f464
    # via
    #   fastapi
    #   pydantic
uvicorn==0.39.0 \
    --hash=sha256:610512b19baa93423d2892d7823741f6d27717b642c8964000d7194dded19302 \
    --hash=sha256:7beec21bd2693562b386285b188a7963b06853c0d006302b3e4cfed950c9929a
    # via contract-review-api
